
Microsoft Visual Studio Solution File, Format Version 12.00
# Visual Studio 15
VisualStudioVersion = 15.0.28307.1062
MinimumVisualStudioVersion = 10.0.40219.1
Project("{FAE04EC0-301F-11D3-BF4B-00C04F79EFBC}") = "Zadatak_1", "Zadatak_1\Zadatak_1.csproj", "{9811088B-0C79-423E-B478-1F5FF5765D65}"
EndProject
Global
	GlobalSection(SolutionConfigurationPlatforms) = preSolution
		Debug|Any CPU = Debug|Any CPU
		Release|Any CPU = Release|Any CPU
	EndGlobalSection
	GlobalSection(ProjectConfigurationPlatforms) = postSolution
		{9811088B-0C79-423E-B478-1F5FF5765D65}.Debug|Any CPU.ActiveCfg = Debug|Any CPU
		{9811088B-0C79-423E-B478-1F5FF5765D65}.Debug|Any CPU.Build.0 = Debug|Any CPU
		{9811088B-0C79-423E-B478-1F5FF5765D65}.Release|Any CPU.ActiveCfg = Release|Any CPU
		{9811088B-0C79-423E-B478-1F5FF5765D65}.Release|Any CPU.Build.0 = Release|Any CPU
	EndGlobalSection
	GlobalSection(SolutionProperties) = preSolution
		HideSolutionNode = FALSE
	EndGlobalSection
	GlobalSection(ExtensibilityGlobals) = postSolution
		SolutionGuid = {CC4A7CBC-E86C-4931-9326-6C31D4A4F963}
	EndGlobalSection
EndGlobal
